
Microsoft Visual Studio Solution File, Format Version 12.00
# Visual Studio Version 17
VisualStudioVersion = 17.7.34202.233
MinimumVisualStudioVersion = 10.0.40219.1
Project("{FAE04EC0-301F-11D3-BF4B-00C04F79EFBC}") = "2116895 - AdventureGame", "2116895 - AdventureGame.csproj", "{BB205412-F3E4-4EF4-B320-27E3D12ACE3E}"
EndProject
Global
	GlobalSection(SolutionConfigurationPlatforms) = preSolution
		Debug|Any CPU = Debug|Any CPU
		Release|Any CPU = Release|Any CPU
	EndGlobalSection
	GlobalSection(ProjectConfigurationPlatforms) = postSolution
		{BB205412-F3E4-4EF4-B320-27E3D12ACE3E}.Debug|Any CPU.ActiveCfg = Debug|Any CPU
		{BB205412-F3E4-4EF4-B320-27E3D12ACE3E}.Debug|Any CPU.Build.0 = Debug|Any CPU
		{BB205412-F3E4-4EF4-B320-27E3D12ACE3E}.Release|Any CPU.ActiveCfg = Release|Any CPU
		{BB205412-F3E4-4EF4-B320-27E3D12ACE3E}.Release|Any CPU.Build.0 = Release|Any CPU
	EndGlobalSection
	GlobalSection(SolutionProperties) = preSolution
		HideSolutionNode = FALSE
	EndGlobalSection
	GlobalSection(ExtensibilityGlobals) = postSolution
		SolutionGuid = {BE9890DD-9378-4ED2-B205-DBEBE13F93E7}
	EndGlobalSection
EndGlobal
